
Microsoft Visual Studio Solution File, Format Version 12.00
# Visual Studio Version 17
VisualStudioVersion = 17.8.34408.163
MinimumVisualStudioVersion = 10.0.40219.1
Project("{9A19103F-16F7-4668-BE54-9A1E7A4F7556}") = "ObserverDP", "Design Pattern\ObserverDP.csproj", "{5A7709F6-B5AF-4B91-A383-0037FAF8426A}"
EndProject
Project("{FAE04EC0-301F-11D3-BF4B-00C04F79EFBC}") = "StrategyDP", "StrategyDP\StrategyDP.csproj", "{D6E8745A-3B22-42B5-A608-5B4D3D203188}"
EndProject
Global
	GlobalSection(SolutionConfigurationPlatforms) = preSolution
		Debug|Any CPU = Debug|Any CPU
		Release|Any CPU = Release|Any CPU
	EndGlobalSection
	GlobalSection(ProjectConfigurationPlatforms) = postSolution
		{5A7709F6-B5AF-4B91-A383-0037FAF8426A}.Debug|Any CPU.ActiveCfg = Debug|Any CPU
		{5A7709F6-B5AF-4B91-A383-0037FAF8426A}.Debug|Any CPU.Build.0 = Debug|Any CPU
		{5A7709F6-B5AF-4B91-A383-0037FAF8426A}.Release|Any CPU.ActiveCfg = Release|Any CPU
		{5A7709F6-B5AF-4B91-A383-0037FAF8426A}.Release|Any CPU.Build.0 = Release|Any CPU
		{D6E8745A-3B22-42B5-A608-5B4D3D203188}.Debug|Any CPU.ActiveCfg = Debug|Any CPU
		{D6E8745A-3B22-42B5-A608-5B4D3D203188}.Debug|Any CPU.Build.0 = Debug|Any CPU
		{D6E8745A-3B22-42B5-A608-5B4D3D203188}.Release|Any CPU.ActiveCfg = Release|Any CPU
		{D6E8745A-3B22-42B5-A608-5B4D3D203188}.Release|Any CPU.Build.0 = Release|Any CPU
	EndGlobalSection
	GlobalSection(SolutionProperties) = preSolution
		HideSolutionNode = FALSE
	EndGlobalSection
	GlobalSection(ExtensibilityGlobals) = postSolution
		SolutionGuid = {499BAAE5-2DA2-469F-9CE6-D8610DE652A1}
	EndGlobalSection
EndGlobal
